
Microsoft Visual Studio Solution File, Format Version 12.00
# Visual Studio Version 17
VisualStudioVersion = 17.3.32929.385
MinimumVisualStudioVersion = 10.0.40219.1
Project("{FAE04EC0-301F-11D3-BF4B-00C04F79EFBC}") = "SpecFlowProject2", "SpecFlowProject2\SpecFlowProject2.csproj", "{FC0C6F76-3EDC-4CAD-8593-EB1427E42B17}"
EndProject
Global
	GlobalSection(SolutionConfigurationPlatforms) = preSolution
		Debug|Any CPU = Debug|Any CPU
		Release|Any CPU = Release|Any CPU
	EndGlobalSection
	GlobalSection(ProjectConfigurationPlatforms) = postSolution
		{FC0C6F76-3EDC-4CAD-8593-EB1427E42B17}.Debug|Any CPU.ActiveCfg = Debug|Any CPU
		{FC0C6F76-3EDC-4CAD-8593-EB1427E42B17}.Debug|Any CPU.Build.0 = Debug|Any CPU
		{FC0C6F76-3EDC-4CAD-8593-EB1427E42B17}.Release|Any CPU.ActiveCfg = Release|Any CPU
		{FC0C6F76-3EDC-4CAD-8593-EB1427E42B17}.Release|Any CPU.Build.0 = Release|Any CPU
	EndGlobalSection
	GlobalSection(SolutionProperties) = preSolution
		HideSolutionNode = FALSE
	EndGlobalSection
	GlobalSection(ExtensibilityGlobals) = postSolution
		SolutionGuid = {761B0264-91CB-4FD5-A940-7BE4F66ADFD9}
	EndGlobalSection
EndGlobal
